
Microsoft Visual Studio Solution File, Format Version 12.00
# Visual Studio Version 17
VisualStudioVersion = 17.6.33829.357
MinimumVisualStudioVersion = 10.0.40219.1
Project("{9A19103F-16F7-4668-BE54-9A1E7A4F7556}") = "NetTunnel.Library", "NetTunnel.Library\NetTunnel.Library.csproj", "{7927C59E-4F47-48A0-A4BF-434C4FC6265F}"
EndProject
Project("{9A19103F-16F7-4668-BE54-9A1E7A4F7556}") = "NetTunnel.UI", "NetTunnel.UI\NetTunnel.UI.csproj", "{0FB6DD7B-3303-4FDC-BD1C-D17719C51C73}"
EndProject
Project("{9A19103F-16F7-4668-BE54-9A1E7A4F7556}") = "NetTunnel.Service", "NetTunnel.Service\NetTunnel.Service.csproj", "{1D602D6B-348B-41FE-ABC8-9A98FD6CD247}"
EndProject
Project("{2150E333-8FDC-42A3-9474-1A3956D46DE8}") = "Solution Items", "Solution Items", "{F927DF22-97CB-409B-9B79-1B2C77DE1952}"
	ProjectSection(SolutionItems) = preProject
		@Installers\Service and Management Bundle.Iss = @Installers\Service and Management Bundle.Iss
		@Installers\Standalone Management.Iss = @Installers\Standalone Management.Iss
	EndProjectSection
EndProject
Project("{9A19103F-16F7-4668-BE54-9A1E7A4F7556}") = "NTDLS.ReliableMessaging", "..\NTDLS.ReliableMessaging\NTDLS.ReliableMessaging\NTDLS.ReliableMessaging.csproj", "{4450BE93-5497-422D-9A83-0A6C6A9D74A1}"
EndProject
Global
	GlobalSection(SolutionConfigurationPlatforms) = preSolution
		Debug|Any CPU = Debug|Any CPU
		Release|Any CPU = Release|Any CPU
	EndGlobalSection
	GlobalSection(ProjectConfigurationPlatforms) = postSolution
		{7927C59E-4F47-48A0-A4BF-434C4FC6265F}.Debug|Any CPU.ActiveCfg = Debug|Any CPU
		{7927C59E-4F47-48A0-A4BF-434C4FC6265F}.Debug|Any CPU.Build.0 = Debug|Any CPU
		{7927C59E-4F47-48A0-A4BF-434C4FC6265F}.Release|Any CPU.ActiveCfg = Release|Any CPU
		{7927C59E-4F47-48A0-A4BF-434C4FC6265F}.Release|Any CPU.Build.0 = Release|Any CPU
		{0FB6DD7B-3303-4FDC-BD1C-D17719C51C73}.Debug|Any CPU.ActiveCfg = Debug|Any CPU
		{0FB6DD7B-3303-4FDC-BD1C-D17719C51C73}.Debug|Any CPU.Build.0 = Debug|Any CPU
		{0FB6DD7B-3303-4FDC-BD1C-D17719C51C73}.Release|Any CPU.ActiveCfg = Release|Any CPU
		{0FB6DD7B-3303-4FDC-BD1C-D17719C51C73}.Release|Any CPU.Build.0 = Release|Any CPU
		{1D602D6B-348B-41FE-ABC8-9A98FD6CD247}.Debug|Any CPU.ActiveCfg = Debug|Any CPU
		{1D602D6B-348B-41FE-ABC8-9A98FD6CD247}.Debug|Any CPU.Build.0 = Debug|Any CPU
		{1D602D6B-348B-41FE-ABC8-9A98FD6CD247}.Release|Any CPU.ActiveCfg = Release|Any CPU
		{1D602D6B-348B-41FE-ABC8-9A98FD6CD247}.Release|Any CPU.Build.0 = Release|Any CPU
		{4450BE93-5497-422D-9A83-0A6C6A9D74A1}.Debug|Any CPU.ActiveCfg = Debug|Any CPU
		{4450BE93-5497-422D-9A83-0A6C6A9D74A1}.Debug|Any CPU.Build.0 = Debug|Any CPU
		{4450BE93-5497-422D-9A83-0A6C6A9D74A1}.Release|Any CPU.ActiveCfg = Release|Any CPU
		{4450BE93-5497-422D-9A83-0A6C6A9D74A1}.Release|Any CPU.Build.0 = Release|Any CPU
	EndGlobalSection
	GlobalSection(SolutionProperties) = preSolution
		HideSolutionNode = FALSE
	EndGlobalSection
	GlobalSection(ExtensibilityGlobals) = postSolution
		SolutionGuid = {D4DAFC1B-082B-4FBB-ACDF-7AB29BBA4265}
	EndGlobalSection
EndGlobal
